
Microsoft Visual Studio Solution File, Format Version 12.00
# Visual Studio Version 17
VisualStudioVersion = 17.4.33213.308
MinimumVisualStudioVersion = 10.0.40219.1
Project("{FAE04EC0-301F-11D3-BF4B-00C04F79EFBC}") = "NetClassesApp", "NetClassesApp\NetClassesApp.csproj", "{F5F3B184-7105-4342-96D6-4A64253BE19B}"
EndProject
Global
	GlobalSection(SolutionConfigurationPlatforms) = preSolution
		Debug|Any CPU = Debug|Any CPU
		Release|Any CPU = Release|Any CPU
	EndGlobalSection
	GlobalSection(ProjectConfigurationPlatforms) = postSolution
		{F5F3B184-7105-4342-96D6-4A64253BE19B}.Debug|Any CPU.ActiveCfg = Debug|Any CPU
		{F5F3B184-7105-4342-96D6-4A64253BE19B}.Debug|Any CPU.Build.0 = Debug|Any CPU
		{F5F3B184-7105-4342-96D6-4A64253BE19B}.Release|Any CPU.ActiveCfg = Release|Any CPU
		{F5F3B184-7105-4342-96D6-4A64253BE19B}.Release|Any CPU.Build.0 = Release|Any CPU
	EndGlobalSection
	GlobalSection(SolutionProperties) = preSolution
		HideSolutionNode = FALSE
	EndGlobalSection
	GlobalSection(ExtensibilityGlobals) = postSolution
		SolutionGuid = {DBA307BF-4885-4152-8AF8-5F7F58D0D3A0}
	EndGlobalSection
EndGlobal
